Microsoft Visual Studio Solution File, Format Version 12.00
# Visual Studio Version 16
VisualStudioVersion = 16.0.31729.503
MinimumVisualStudioVersion = 10.0.40219.1
Project("{FAE04EC0-301F-11D3-BF4B-00C04F79EFBC}") = "EstoqueEntityModel", "EstoqueEntityModel\EstoqueEntityModel.csproj", "{3348F988-4EA0-43E0-A520-C2D1A81EC882}"
EndProject
Project("{FAE04EC0-301F-11D3-BF4B-00C04F79EFBC}") = "ClienteEstoqueDesktop", "ClienteEstoqueDesktop\ClienteEstoqueDesktop.csproj", "{264EB5E8-D534-4B55-ACA0-5FFE92964A0E}"
EndProject
Project("{FAE04EC0-301F-11D3-BF4B-00C04F79EFBC}") = "EstoqueLibrary", "EstoqueLibrary\EstoqueLibrary.csproj", "{BFB8A6FF-55D3-4FDD-8398-CFDC4EF6E438}"
EndProject
Project("{FAE04EC0-301F-11D3-BF4B-00C04F79EFBC}") = "ProvedorEstoqueHost", "ProvedorEstoqueHost\ProvedorEstoqueHost.csproj", "{1645DC02-CA14-4A3A-8F97-F6DC20DAC3C5}"
EndProject
Project("{FAE04EC0-301F-11D3-BF4B-00C04F79EFBC}") = "ClienteEstoqueProvedor", "ClienteEstoqueProvedor\ClienteEstoqueProvedor.csproj", "{6F4CEEF8-CD4D-48D1-873C-90B321CF312C}"
	ProjectSection(ProjectDependencies) = postProject
		{BFB8A6FF-55D3-4FDD-8398-CFDC4EF6E438} = {BFB8A6FF-55D3-4FDD-8398-CFDC4EF6E438}
	EndProjectSection
EndProject
Global
	GlobalSection(SolutionConfigurationPlatforms) = preSolution
		Debug|Any CPU = Debug|Any CPU
		Release|Any CPU = Release|Any CPU
	EndGlobalSection
	GlobalSection(ProjectConfigurationPlatforms) = postSolution
		{3348F988-4EA0-43E0-A520-C2D1A81EC882}.Debug|Any CPU.ActiveCfg = Debug|Any CPU
		{3348F988-4EA0-43E0-A520-C2D1A81EC882}.Debug|Any CPU.Build.0 = Debug|Any CPU
		{3348F988-4EA0-43E0-A520-C2D1A81EC882}.Release|Any CPU.ActiveCfg = Release|Any CPU
		{3348F988-4EA0-43E0-A520-C2D1A81EC882}.Release|Any CPU.Build.0 = Release|Any CPU
		{264EB5E8-D534-4B55-ACA0-5FFE92964A0E}.Debug|Any CPU.ActiveCfg = Debug|Any CPU
		{264EB5E8-D534-4B55-ACA0-5FFE92964A0E}.Debug|Any CPU.Build.0 = Debug|Any CPU
		{264EB5E8-D534-4B55-ACA0-5FFE92964A0E}.Release|Any CPU.ActiveCfg = Release|Any CPU
		{264EB5E8-D534-4B55-ACA0-5FFE92964A0E}.Release|Any CPU.Build.0 = Release|Any CPU
		{BFB8A6FF-55D3-4FDD-8398-CFDC4EF6E438}.Debug|Any CPU.ActiveCfg = Debug|Any CPU
		{BFB8A6FF-55D3-4FDD-8398-CFDC4EF6E438}.Debug|Any CPU.Build.0 = Debug|Any CPU
		{BFB8A6FF-55D3-4FDD-8398-CFDC4EF6E438}.Release|Any CPU.ActiveCfg = Release|Any CPU
		{BFB8A6FF-55D3-4FDD-8398-CFDC4EF6E438}.Release|Any CPU.Build.0 = Release|Any CPU
		{1645DC02-CA14-4A3A-8F97-F6DC20DAC3C5}.Debug|Any CPU.ActiveCfg = Debug|Any CPU
		{1645DC02-CA14-4A3A-8F97-F6DC20DAC3C5}.Debug|Any CPU.Build.0 = Debug|Any CPU
		{1645DC02-CA14-4A3A-8F97-F6DC20DAC3C5}.Release|Any CPU.ActiveCfg = Release|Any CPU
		{1645DC02-CA14-4A3A-8F97-F6DC20DAC3C5}.Release|Any CPU.Build.0 = Release|Any CPU
		{6F4CEEF8-CD4D-48D1-873C-90B321CF312C}.Debug|Any CPU.ActiveCfg = Debug|Any CPU
		{6F4CEEF8-CD4D-48D1-873C-90B321CF312C}.Debug|Any CPU.Build.0 = Debug|Any CPU
		{6F4CEEF8-CD4D-48D1-873C-90B321CF312C}.Release|Any CPU.ActiveCfg = Release|Any CPU
		{6F4CEEF8-CD4D-48D1-873C-90B321CF312C}.Release|Any CPU.Build.0 = Release|Any CPU
	EndGlobalSection
	GlobalSection(SolutionProperties) = preSolution
		HideSolutionNode = FALSE
	EndGlobalSection
	GlobalSection(ExtensibilityGlobals) = postSolution
		SolutionGuid = {6BF40DDB-979D-4AFB-B6E5-65797E5DD38B}
	EndGlobalSection
EndGlobal
