
Microsoft Visual Studio Solution File, Format Version 12.00
# Visual Studio Version 16
VisualStudioVersion = 16.0.31729.503
MinimumVisualStudioVersion = 10.0.40219.1
Project("{FAE04EC0-301F-11D3-BF4B-00C04F79EFBC}") = "EstoqueEntityModel", "EstoqueEntityModel\EstoqueEntityModel.csproj", "{3348F988-4EA0-43E0-A520-C2D1A81EC882}"
EndProject
Project("{FAE04EC0-301F-11D3-BF4B-00C04F79EFBC}") = "ServicoEstoque", "ServicoEstoque\ServicoEstoque.csproj", "{863FDC16-3913-4DCB-86C8-A6CB1544D049}"
EndProject
Project("{FAE04EC0-301F-11D3-BF4B-00C04F79EFBC}") = "ClienteEstoqueDesktop", "ClienteEstoqueDesktop\ClienteEstoqueDesktop.csproj", "{884C7B88-F77E-46DA-8B75-34A91EE66895}"
	ProjectSection(ProjectDependencies) = postProject
		{863FDC16-3913-4DCB-86C8-A6CB1544D049} = {863FDC16-3913-4DCB-86C8-A6CB1544D049}
	EndProjectSection
EndProject
Project("{FAE04EC0-301F-11D3-BF4B-00C04F79EFBC}") = "EstoqueLibrary", "EstoqueLibrary\EstoqueLibrary.csproj", "{A38B0811-ABCE-4EA5-91B0-4FD04A792286}"
EndProject
Project("{FAE04EC0-301F-11D3-BF4B-00C04F79EFBC}") = "ProvedorEstoqueHost", "ProvedorEstoqueHost\ProvedorEstoqueHost.csproj", "{60E5B1B8-28B7-4F62-860C-4D69FB36E65F}"
EndProject
Global
	GlobalSection(SolutionConfigurationPlatforms) = preSolution
		Debug|Any CPU = Debug|Any CPU
		Release|Any CPU = Release|Any CPU
	EndGlobalSection
	GlobalSection(ProjectConfigurationPlatforms) = postSolution
		{3348F988-4EA0-43E0-A520-C2D1A81EC882}.Debug|Any CPU.ActiveCfg = Debug|Any CPU
		{3348F988-4EA0-43E0-A520-C2D1A81EC882}.Debug|Any CPU.Build.0 = Debug|Any CPU
		{3348F988-4EA0-43E0-A520-C2D1A81EC882}.Release|Any CPU.ActiveCfg = Release|Any CPU
		{3348F988-4EA0-43E0-A520-C2D1A81EC882}.Release|Any CPU.Build.0 = Release|Any CPU
		{863FDC16-3913-4DCB-86C8-A6CB1544D049}.Debug|Any CPU.ActiveCfg = Debug|Any CPU
		{863FDC16-3913-4DCB-86C8-A6CB1544D049}.Debug|Any CPU.Build.0 = Debug|Any CPU
		{863FDC16-3913-4DCB-86C8-A6CB1544D049}.Release|Any CPU.ActiveCfg = Release|Any CPU
		{863FDC16-3913-4DCB-86C8-A6CB1544D049}.Release|Any CPU.Build.0 = Release|Any CPU
		{884C7B88-F77E-46DA-8B75-34A91EE66895}.Debug|Any CPU.ActiveCfg = Debug|Any CPU
		{884C7B88-F77E-46DA-8B75-34A91EE66895}.Debug|Any CPU.Build.0 = Debug|Any CPU
		{884C7B88-F77E-46DA-8B75-34A91EE66895}.Release|Any CPU.ActiveCfg = Release|Any CPU
		{884C7B88-F77E-46DA-8B75-34A91EE66895}.Release|Any CPU.Build.0 = Release|Any CPU
		{A38B0811-ABCE-4EA5-91B0-4FD04A792286}.Debug|Any CPU.ActiveCfg = Debug|Any CPU
		{A38B0811-ABCE-4EA5-91B0-4FD04A792286}.Debug|Any CPU.Build.0 = Debug|Any CPU
		{A38B0811-ABCE-4EA5-91B0-4FD04A792286}.Release|Any CPU.ActiveCfg = Release|Any CPU
		{A38B0811-ABCE-4EA5-91B0-4FD04A792286}.Release|Any CPU.Build.0 = Release|Any CPU
		{60E5B1B8-28B7-4F62-860C-4D69FB36E65F}.Debug|Any CPU.ActiveCfg = Debug|Any CPU
		{60E5B1B8-28B7-4F62-860C-4D69FB36E65F}.Debug|Any CPU.Build.0 = Debug|Any CPU
		{60E5B1B8-28B7-4F62-860C-4D69FB36E65F}.Release|Any CPU.ActiveCfg = Release|Any CPU
		{60E5B1B8-28B7-4F62-860C-4D69FB36E65F}.Release|Any CPU.Build.0 = Release|Any CPU
	EndGlobalSection
	GlobalSection(SolutionProperties) = preSolution
		HideSolutionNode = FALSE
	EndGlobalSection
	GlobalSection(ExtensibilityGlobals) = postSolution
		SolutionGuid = {6BF40DDB-979D-4AFB-B6E5-65797E5DD38B}
	EndGlobalSection
EndGlobal
